// !$*UTF8*$!
{
	archiveVersion = 1;
	classes = {
	};
	objectVersion = 46;
	objects = {

/* Begin PBXBuildFile section */
		ABCD5CEE1A794C85003618CC /* ABCountdownViewControllerTests.m in Sources */ = {isa = PBXBuildFile; fileRef = ABCD5CED1A794C85003618CC /* ABCountdownViewControllerTests.m */; };
		ABCD5D0D1A7964CC003618CC /* ABCountdownViewController.m in Sources */ = {isa = PBXBuildFile; fileRef = ABCD5CFF1A7964CC003618CC /* ABCountdownViewController.m */; };
		ABCD5D0E1A7964CC003618CC /* ABCountdownViewController.xib in Resources */ = {isa = PBXBuildFile; fileRef = ABCD5D001A7964CC003618CC /* ABCountdownViewController.xib */; };
		ABCD5D0F1A7964CC003618CC /* AppDelegate.m in Sources */ = {isa = PBXBuildFile; fileRef = ABCD5D031A7964CC003618CC /* AppDelegate.m */; };
		ABCD5D101A7964CC003618CC /* LaunchScreen.xib in Resources */ = {isa = PBXBuildFile; fileRef = ABCD5D041A7964CC003618CC /* LaunchScreen.xib */; };
		ABCD5D111A7964CC003618CC /* Main.storyboard in Resources */ = {isa = PBXBuildFile; fileRef = ABCD5D061A7964CC003618CC /* Main.storyboard */; };
		ABCD5D121A7964CC003618CC /* Images.xcassets in Resources */ = {isa = PBXBuildFile; fileRef = ABCD5D081A7964CC003618CC /* Images.xcassets */; };
		ABCD5D141A7964CC003618CC /* main.m in Sources */ = {isa = PBXBuildFile; fileRef = ABCD5D0A1A7964CC003618CC /* main.m */; };
		ABCD5D151A7964CC003618CC /* ViewController.m in Sources */ = {isa = PBXBuildFile; fileRef = ABCD5D0C1A7964CC003618CC /* ViewController.m */; };
		ABCD5D171A796525003618CC /* Info.plist in Resources */ = {isa = PBXBuildFile; fileRef = ABCD5D161A796525003618CC /* Info.plist */; };
/* End PBXBuildFile section */

/* Begin PBXContainerItemProxy section */
		ABCD5CE81A794C85003618CC /* PBXContainerItemProxy */ = {
			isa = PBXContainerItemProxy;
			containerPortal = ABCD5CC61A794C85003618CC /* Project object */;
			proxyType = 1;
			remoteGlobalIDString = ABCD5CCD1A794C85003618CC;
			remoteInfo = ABCountdownViewController;
		};
/* End PBXContainerItemProxy section */

/* Begin PBXFileReference section */
		ABCD5CCE1A794C85003618CC /* ABCountdownViewController.app */ = {isa = PBXFileReference; explicitFileType = wrapper.application; includeInIndex = 0; path = ABCountdownViewController.app; sourceTree = BUILT_PRODUCTS_DIR; };
		ABCD5CE71A794C85003618CC /* ABCountdownViewControllerTests.xctest */ = {isa = PBXFileReference; explicitFileType = wrapper.cfbundle; includeInIndex = 0; path = ABCountdownViewControllerTests.xctest; sourceTree = BUILT_PRODUCTS_DIR; };
		ABCD5CEC1A794C85003618CC /* Info.plist */ = {isa = PBXFileReference; lastKnownFileType = text.plist.xml; path = Info.plist; sourceTree = "<group>"; };
		ABCD5CED1A794C85003618CC /* ABCountdownViewControllerTests.m */ = {isa = PBXFileReference; lastKnownFileType = sourcecode.c.objc; path = ABCountdownViewControllerTests.m; sourceTree = "<group>"; };
		ABCD5CFE1A7964CC003618CC /* ABCountdownViewController.h */ = {isa = PBXFileReference; fileEncoding = 4; lastKnownFileType = sourcecode.c.h; path = ABCountdownViewController.h; sourceTree = "<group>"; };
		ABCD5CFF1A7964CC003618CC /* ABCountdownViewController.m */ = {isa = PBXFileReference; fileEncoding = 4; lastKnownFileType = sourcecode.c.objc; path = ABCountdownViewController.m; sourceTree = "<group>"; };
		ABCD5D001A7964CC003618CC /* ABCountdownViewController.xib */ = {isa = PBXFileReference; fileEncoding = 4; lastKnownFileType = file.xib; path = ABCountdownViewController.xib; sourceTree = "<group>"; };
		ABCD5D021A7964CC003618CC /* AppDelegate.h */ = {isa = PBXFileReference; fileEncoding = 4; lastKnownFileType = sourcecode.c.h; path = AppDelegate.h; sourceTree = "<group>"; };
		ABCD5D031A7964CC003618CC /* AppDelegate.m */ = {isa = PBXFileReference; fileEncoding = 4; lastKnownFileType = sourcecode.c.objc; path = AppDelegate.m; sourceTree = "<group>"; };
		ABCD5D051A7964CC003618CC /* Base */ = {isa = PBXFileReference; lastKnownFileType = file.xib; name = Base; path = Base.lproj/LaunchScreen.xib; sourceTree = "<group>"; };
		ABCD5D071A7964CC003618CC /* Base */ = {isa = PBXFileReference; lastKnownFileType = file.storyboard; name = Base; path = Base.lproj/Main.storyboard; sourceTree = "<group>"; };
		ABCD5D081A7964CC003618CC /* Images.xcassets */ = {isa = PBXFileReference; lastKnownFileType = folder.assetcatalog; path = Images.xcassets; sourceTree = "<group>"; };
		ABCD5D0A1A7964CC003618CC /* main.m */ = {isa = PBXFileReference; fileEncoding = 4; lastKnownFileType = sourcecode.c.objc; path = main.m; sourceTree = "<group>"; };
		ABCD5D0B1A7964CC003618CC /* ViewController.h */ = {isa = PBXFileReference; fileEncoding = 4; lastKnownFileType = sourcecode.c.h; path = ViewController.h; sourceTree = "<group>"; };
		ABCD5D0C1A7964CC003618CC /* ViewController.m */ = {isa = PBXFileReference; fileEncoding = 4; lastKnownFileType = sourcecode.c.objc; path = ViewController.m; sourceTree = "<group>"; };
		ABCD5D161A796525003618CC /* Info.plist */ = {isa = PBXFileReference; fileEncoding = 4; lastKnownFileType = text.plist.xml; name = Info.plist; path = ABCountdownViewController/Info.plist; sourceTree = SOURCE_ROOT; };
/* End PBXFileReference section */

/* Begin PBXFrameworksBuildPhase section */
		ABCD5CCB1A794C85003618CC /* Frameworks */ = {
			isa = PBXFrameworksBuildPhase;
			buildActionMask = 2147483647;
			files = (
			);
			runOnlyForDeploymentPostprocessing = 0;
		};
		ABCD5CE41A794C85003618CC /* Frameworks */ = {
			isa = PBXFrameworksBuildPhase;
			buildActionMask = 2147483647;
			files = (
			);
			runOnlyForDeploymentPostprocessing = 0;
		};
/* End PBXFrameworksBuildPhase section */

/* Begin PBXGroup section */
		ABCD5CC51A794C85003618CC = {
			isa = PBXGroup;
			children = (
				ABCD5CFD1A7964CC003618CC /* ABCountdownViewController */,
				ABCD5D011A7964CC003618CC /* Example */,
				ABCD5CEA1A794C85003618CC /* ABCountdownViewControllerTests */,
				ABCD5CCF1A794C85003618CC /* Products */,
			);
			sourceTree = "<group>";
		};
		ABCD5CCF1A794C85003618CC /* Products */ = {
			isa = PBXGroup;
			children = (
				ABCD5CCE1A794C85003618CC /* ABCountdownViewController.app */,
				ABCD5CE71A794C85003618CC /* ABCountdownViewControllerTests.xctest */,
			);
			name = Products;
			sourceTree = "<group>";
		};
		ABCD5CEA1A794C85003618CC /* ABCountdownViewControllerTests */ = {
			isa = PBXGroup;
			children = (
				ABCD5CED1A794C85003618CC /* ABCountdownViewControllerTests.m */,
				ABCD5CEB1A794C85003618CC /* Supporting Files */,
			);
			path = ABCountdownViewControllerTests;
			sourceTree = "<group>";
		};
		ABCD5CEB1A794C85003618CC /* Supporting Files */ = {
			isa = PBXGroup;
			children = (
				ABCD5CEC1A794C85003618CC /* Info.plist */,
			);
			name = "Supporting Files";
			sourceTree = "<group>";
		};
		ABCD5CFD1A7964CC003618CC /* ABCountdownViewController */ = {
			isa = PBXGroup;
			children = (
				ABCD5CFE1A7964CC003618CC /* ABCountdownViewController.h */,
				ABCD5CFF1A7964CC003618CC /* ABCountdownViewController.m */,
				ABCD5D001A7964CC003618CC /* ABCountdownViewController.xib */,
			);
			path = ABCountdownViewController;
			sourceTree = "<group>";
		};
		ABCD5D011A7964CC003618CC /* Example */ = {
			isa = PBXGroup;
			children = (
				ABCD5D161A796525003618CC /* Info.plist */,
				ABCD5D021A7964CC003618CC /* AppDelegate.h */,
				ABCD5D031A7964CC003618CC /* AppDelegate.m */,
				ABCD5D041A7964CC003618CC /* LaunchScreen.xib */,
				ABCD5D061A7964CC003618CC /* Main.storyboard */,
				ABCD5D081A7964CC003618CC /* Images.xcassets */,
				ABCD5D0A1A7964CC003618CC /* main.m */,
				ABCD5D0B1A7964CC003618CC /* ViewController.h */,
				ABCD5D0C1A7964CC003618CC /* ViewController.m */,
			);
			path = Example;
			sourceTree = "<group>";
		};
/* End PBXGroup section */

/* Begin PBXNativeTarget section */
		ABCD5CCD1A794C85003618CC /* ABCountdownViewController */ = {
			isa = PBXNativeTarget;
			buildConfigurationList = ABCD5CF11A794C85003618CC /* Build configuration list for PBXNativeTarget "ABCountdownViewController" */;
			buildPhases = (
				ABCD5CCA1A794C85003618CC /* Sources */,
				ABCD5CCB1A794C85003618CC /* Frameworks */,
				ABCD5CCC1A794C85003618CC /* Resources */,
			);
			buildRules = (
			);
			dependencies = (
			);
			name = ABCountdownViewController;
			productName = ABCountdownViewController;
			productReference = ABCD5CCE1A794C85003618CC /* ABCountdownViewController.app */;
			productType = "com.apple.product-type.application";
		};
		ABCD5CE61A794C85003618CC /* ABCountdownViewControllerTests */ = {
			isa = PBXNativeTarget;
			buildConfigurationList = ABCD5CF41A794C85003618CC /* Build configuration list for PBXNativeTarget "ABCountdownViewControllerTests" */;
			buildPhases = (
				ABCD5CE31A794C85003618CC /* Sources */,
				ABCD5CE41A794C85003618CC /* Frameworks */,
				ABCD5CE51A794C85003618CC /* Resources */,
			);
			buildRules = (
			);
			dependencies = (
				ABCD5CE91A794C85003618CC /* PBXTargetDependency */,
			);
			name = ABCountdownViewControllerTests;
			productName = ABCountdownViewControllerTests;
			productReference = ABCD5CE71A794C85003618CC /* ABCountdownViewControllerTests.xctest */;
			productType = "com.apple.product-type.bundle.unit-test";
		};
/* End PBXNativeTarget section */

/* Begin PBXProject section */
		ABCD5CC61A794C85003618CC /* Project object */ = {
			isa = PBXProject;
			attributes = {
				LastUpgradeCheck = 0610;
				ORGANIZATIONNAME = "AppBuddy GmbH";
				TargetAttributes = {
					ABCD5CCD1A794C85003618CC = {
						CreatedOnToolsVersion = 6.1.1;
					};
					ABCD5CE61A794C85003618CC = {
						CreatedOnToolsVersion = 6.1.1;
						TestTargetID = ABCD5CCD1A794C85003618CC;
					};
				};
			};
			buildConfigurationList = ABCD5CC91A794C85003618CC /* Build configuration list for PBXProject "ABCountdownViewController" */;
			compatibilityVersion = "Xcode 3.2";
			developmentRegion = English;
			hasScannedForEncodings = 0;
			knownRegions = (
				en,
				Base,
			);
			mainGroup = ABCD5CC51A794C85003618CC;
			productRefGroup = ABCD5CCF1A794C85003618CC /* Products */;
			projectDirPath = "";
			projectRoot = "";
			targets = (
				ABCD5CCD1A794C85003618CC /* ABCountdownViewController */,
				ABCD5CE61A794C85003618CC /* ABCountdownViewControllerTests */,
			);
		};
/* End PBXProject section */

/* Begin PBXResourcesBuildPhase section */
		ABCD5CCC1A794C85003618CC /* Resources */ = {
			isa = PBXResourcesBuildPhase;
			buildActionMask = 2147483647;
			files = (
				ABCD5D111A7964CC003618CC /* Main.storyboard in Resources */,
				ABCD5D121A7964CC003618CC /* Images.xcassets in Resources */,
				ABCD5D101A7964CC003618CC /* LaunchScreen.xib in Resources */,
				ABCD5D171A796525003618CC /* Info.plist in Resources */,
				ABCD5D0E1A7964CC003618CC /* ABCountdownViewController.xib in Resources */,
			);
			runOnlyForDeploymentPostprocessing = 0;
		};
		ABCD5CE51A794C85003618CC /* Resources */ = {
			isa = PBXResourcesBuildPhase;
			buildActionMask = 2147483647;
			files = (
			);
			runOnlyForDeploymentPostprocessing = 0;
		};
/* End PBXResourcesBuildPhase section */

/* Begin PBXSourcesBuildPhase section */
		ABCD5CCA1A794C85003618CC /* Sources */ = {
			isa = PBXSourcesBuildPhase;
			buildActionMask = 2147483647;
			files = (
				ABCD5D0F1A7964CC003618CC /* AppDelegate.m in Sources */,
				ABCD5D141A7964CC003618CC /* main.m in Sources */,
				ABCD5D151A7964CC003618CC /* ViewController.m in Sources */,
				ABCD5D0D1A7964CC003618CC /* ABCountdownViewController.m in Sources */,
			);
			runOnlyForDeploymentPostprocessing = 0;
		};
		ABCD5CE31A794C85003618CC /* Sources */ = {
			isa = PBXSourcesBuildPhase;
			buildActionMask = 2147483647;
			files = (
				ABCD5CEE1A794C85003618CC /* ABCountdownViewControllerTests.m in Sources */,
			);
			runOnlyForDeploymentPostprocessing = 0;
		};
/* End PBXSourcesBuildPhase section */

/* Begin PBXTargetDependency section */
		ABCD5CE91A794C85003618CC /* PBXTargetDependency */ = {
			isa = PBXTargetDependency;
			target = ABCD5CCD1A794C85003618CC /* ABCountdownViewController */;
			targetProxy = ABCD5CE81A794C85003618CC /* PBXContainerItemProxy */;
		};
/* End PBXTargetDependency section */

/* Begin PBXVariantGroup section */
		ABCD5D041A7964CC003618CC /* LaunchScreen.xib */ = {
			isa = PBXVariantGroup;
			children = (
				ABCD5D051A7964CC003618CC /* Base */,
			);
			name = LaunchScreen.xib;
			sourceTree = "<group>";
		};
		ABCD5D061A7964CC003618CC /* Main.storyboard */ = {
			isa = PBXVariantGroup;
			children = (
				ABCD5D071A7964CC003618CC /* Base */,
			);
			name = Main.storyboard;
			sourceTree = "<group>";
		};
/* End PBXVariantGroup section */

/* Begin XCBuildConfiguration section */
		ABCD5CEF1A794C85003618CC /* Debug */ = {
			isa = XCBuildConfiguration;
			buildSettings = {
				ALWAYS_SEARCH_USER_PATHS = NO;
				CLANG_CXX_LANGUAGE_STANDARD = "gnu++0x";
				CLANG_CXX_LIBRARY = "libc++";
				CLANG_ENABLE_MODULES = YES;
				CLANG_ENABLE_OBJC_ARC = YES;
				CLANG_WARN_BOOL_CONVERSION = YES;
				CLANG_WARN_CONSTANT_CONVERSION = YES;
				CLANG_WARN_DIRECT_OBJC_ISA_USAGE = YES_ERROR;
				CLANG_WARN_EMPTY_BODY = YES;
				CLANG_WARN_ENUM_CONVERSION = YES;
				CLANG_WARN_INT_CONVERSION = YES;
				CLANG_WARN_OBJC_ROOT_CLASS = YES_ERROR;
				CLANG_WARN_UNREACHABLE_CODE = YES;
				CLANG_WARN__DUPLICATE_METHOD_MATCH = YES;
				"CODE_SIGN_IDENTITY[sdk=iphoneos*]" = "iPhone Developer";
				COPY_PHASE_STRIP = NO;
				ENABLE_STRICT_OBJC_MSGSEND = YES;
				GCC_C_LANGUAGE_STANDARD = gnu99;
				GCC_DYNAMIC_NO_PIC = NO;
				GCC_OPTIMIZATION_LEVEL = 0;
				GCC_PREPROCESSOR_DEFINITIONS = (
					"DEBUG=1",
					"$(inherited)",
				);
				GCC_SYMBOLS_PRIVATE_EXTERN = NO;
				GCC_WARN_64_TO_32_BIT_CONVERSION = YES;
				GCC_WARN_ABOUT_RETURN_TYPE = YES_ERROR;
				GCC_WARN_UNDECLARED_SELECTOR = YES;
				GCC_WARN_UNINITIALIZED_AUTOS = YES_AGGRESSIVE;
				GCC_WARN_UNUSED_FUNCTION = YES;
				GCC_WARN_UNUSED_VARIABLE = YES;
				IPHONEOS_DEPLOYMENT_TARGET = 8.1;
				MTL_ENABLE_DEBUG_INFO = YES;
				ONLY_ACTIVE_ARCH = YES;
				SDKROOT = iphoneos;
				TARGETED_DEVICE_FAMILY = "1,2";
			};
			name = Debug;
		};
		ABCD5CF01A794C85003618CC /* Release */ = {
			isa = XCBuildConfiguration;
			buildSettings = {
				ALWAYS_SEARCH_USER_PATHS = NO;
				CLANG_CXX_LANGUAGE_STANDARD = "gnu++0x";
				CLANG_CXX_LIBRARY = "libc++";
				CLANG_ENABLE_MODULES = YES;
				CLANG_ENABLE_OBJC_ARC = YES;
				CLANG_WARN_BOOL_CONVERSION = YES;
				CLANG_WARN_CONSTANT_CONVERSION = YES;
				CLANG_WARN_DIRECT_OBJC_ISA_USAGE = YES_ERROR;
				CLANG_WARN_EMPTY_BODY = YES;
				CLANG_WARN_ENUM_CONVERSION = YES;
				CLANG_WARN_INT_CONVERSION = YES;
				CLANG_WARN_OBJC_ROOT_CLASS = YES_ERROR;
				CLANG_WARN_UNREACHABLE_CODE = YES;
				CLANG_WARN__DUPLICATE_METHOD_MATCH = YES;
				"CODE_SIGN_IDENTITY[sdk=iphoneos*]" = "iPhone Developer";
				COPY_PHASE_STRIP = YES;
				ENABLE_NS_ASSERTIONS = NO;
				ENABLE_STRICT_OBJC_MSGSEND = YES;
				GCC_C_LANGUAGE_STANDARD = gnu99;
				GCC_WARN_64_TO_32_BIT_CONVERSION = YES;
				GCC_WARN_ABOUT_RETURN_TYPE = YES_ERROR;
				GCC_WARN_UNDECLARED_SELECTOR = YES;
				GCC_WARN_UNINITIALIZED_AUTOS = YES_AGGRESSIVE;
				GCC_WARN_UNUSED_FUNCTION = YES;
				GCC_WARN_UNUSED_VARIABLE = YES;
				IPHONEOS_DEPLOYMENT_TARGET = 8.1;
				MTL_ENABLE_DEBUG_INFO = NO;
				SDKROOT = iphoneos;
				TARGETED_DEVICE_FAMILY = "1,2";
				VALIDATE_PRODUCT = YES;
			};
			name = Release;
		};
		ABCD5CF21A794C85003618CC /* Debug */ = {
			isa = XCBuildConfiguration;
			buildSettings = {
				ASSETCATALOG_COMPILER_APPICON_NAME = AppIcon;
				INFOPLIST_FILE = ABCountdownViewController/Info.plist;
				LD_RUNPATH_SEARCH_PATHS = "$(inherited) @executable_path/Frameworks";
				PRODUCT_NAME = "$(TARGET_NAME)";
			};
			name = Debug;
		};
		ABCD5CF31A794C85003618CC /* Release */ = {
			isa = XCBuildConfiguration;
			buildSettings = {
				ASSETCATALOG_COMPILER_APPICON_NAME = AppIcon;
				INFOPLIST_FILE = ABCountdownViewController/Info.plist;
				LD_RUNPATH_SEARCH_PATHS = "$(inherited) @executable_path/Frameworks";
				PRODUCT_NAME = "$(TARGET_NAME)";
			};
			name = Release;
		};
		ABCD5CF51A794C85003618CC /* Debug */ = {
			isa = XCBuildConfiguration;
			buildSettings = {
				BUNDLE_LOADER = "$(TEST_HOST)";
				FRAMEWORK_SEARCH_PATHS = (
					"$(SDKROOT)/Developer/Library/Frameworks",
					"$(inherited)",
				);
				GCC_PREPROCESSOR_DEFINITIONS = (
					"DEBUG=1",
					"$(inherited)",
				);
				INFOPLIST_FILE = ABCountdownViewControllerTests/Info.plist;
				LD_RUNPATH_SEARCH_PATHS = "$(inherited) @executable_path/Frameworks @loader_path/Frameworks";
				PRODUCT_NAME = "$(TARGET_NAME)";
				TEST_HOST = "$(BUILT_PRODUCTS_DIR)/ABCountdownViewController.app/ABCountdownViewController";
			};
			name = Debug;
		};
		ABCD5CF61A794C85003618CC /* Release */ = {
			isa = XCBuildConfiguration;
			buildSettings = {
				BUNDLE_LOADER = "$(TEST_HOST)";
				FRAMEWORK_SEARCH_PATHS = (
					"$(SDKROOT)/Developer/Library/Frameworks",
					"$(inherited)",
				);
				INFOPLIST_FILE = ABCountdownViewControllerTests/Info.plist;
				LD_RUNPATH_SEARCH_PATHS = "$(inherited) @executable_path/Frameworks @loader_path/Frameworks";
				PRODUCT_NAME = "$(TARGET_NAME)";
				TEST_HOST = "$(BUILT_PRODUCTS_DIR)/ABCountdownViewController.app/ABCountdownViewController";
			};
			name = Release;
		};
/* End XCBuildConfiguration section */

/* Begin XCConfigurationList section */
		ABCD5CC91A794C85003618CC /* Build configuration list for PBXProject "ABCountdownViewController" */ = {
			isa = XCConfigurationList;
			buildConfigurations = (
				ABCD5CEF1A794C85003618CC /* Debug */,
				ABCD5CF01A794C85003618CC /* Release */,
			);
			defaultConfigurationIsVisible = 0;
			defaultConfigurationName = Release;
		};
		ABCD5CF11A794C85003618CC /* Build configuration list for PBXNativeTarget "ABCountdownViewController" */ = {
			isa = XCConfigurationList;
			buildConfigurations = (
				ABCD5CF21A794C85003618CC /* Debug */,
				ABCD5CF31A794C85003618CC /* Release */,
			);
			defaultConfigurationIsVisible = 0;
		};
		ABCD5CF41A794C85003618CC /* Build configuration list for PBXNativeTarget "ABCountdownViewControllerTests" */ = {
			isa = XCConfigurationList;
			buildConfigurations = (
				ABCD5CF51A794C85003618CC /* Debug */,
				ABCD5CF61A794C85003618CC /* Release */,
			);
			defaultConfigurationIsVisible = 0;
		};
/* End XCConfigurationList section */
	};
	rootObject = ABCD5CC61A794C85003618CC /* Project object */;
}
